
Microsoft Visual Studio Solution File, Format Version 12.00
# Visual Studio 15
VisualStudioVersion = 15.0.26228.9
MinimumVisualStudioVersion = 10.0.40219.1
Project("{FAE04EC0-301F-11D3-BF4B-00C04F79EFBC}") = "asp.netCrudSql", "asp.netCrudSql\asp.netCrudSql.csproj", "{EBABA8BC-8F93-4843-85A0-B795A4A29BAF}"
EndProject
Global
	GlobalSection(SolutionConfigurationPlatforms) = preSolution
		Debug|Any CPU = Debug|Any CPU
		Release|Any CPU = Release|Any CPU
	EndGlobalSection
	GlobalSection(ProjectConfigurationPlatforms) = postSolution
		{EBABA8BC-8F93-4843-85A0-B795A4A29BAF}.Debug|Any CPU.ActiveCfg = Debug|Any CPU
		{EBABA8BC-8F93-4843-85A0-B795A4A29BAF}.Debug|Any CPU.Build.0 = Debug|Any CPU
		{EBABA8BC-8F93-4843-85A0-B795A4A29BAF}.Release|Any CPU.ActiveCfg = Release|Any CPU
		{EBABA8BC-8F93-4843-85A0-B795A4A29BAF}.Release|Any CPU.Build.0 = Release|Any CPU
	EndGlobalSection
	GlobalSection(SolutionProperties) = preSolution
		HideSolutionNode = FALSE
	EndGlobalSection
EndGlobal
